
Microsoft Visual Studio Solution File, Format Version 12.00
# Visual Studio Version 17
VisualStudioVersion = 17.5.33502.453
MinimumVisualStudioVersion = 10.0.40219.1
Project("{FAE04EC0-301F-11D3-BF4B-00C04F79EFBC}") = "project_H", "project_H.csproj", "{B7EA3290-6C39-4BB2-8E04-E9B6F447A7B8}"
EndProject
Global
	GlobalSection(SolutionConfigurationPlatforms) = preSolution
		Debug|Any CPU = Debug|Any CPU
		Release|Any CPU = Release|Any CPU
	EndGlobalSection
	GlobalSection(ProjectConfigurationPlatforms) = postSolution
		{B7EA3290-6C39-4BB2-8E04-E9B6F447A7B8}.Debug|Any CPU.ActiveCfg = Debug|Any CPU
		{B7EA3290-6C39-4BB2-8E04-E9B6F447A7B8}.Debug|Any CPU.Build.0 = Debug|Any CPU
		{B7EA3290-6C39-4BB2-8E04-E9B6F447A7B8}.Release|Any CPU.ActiveCfg = Release|Any CPU
		{B7EA3290-6C39-4BB2-8E04-E9B6F447A7B8}.Release|Any CPU.Build.0 = Release|Any CPU
	EndGlobalSection
	GlobalSection(SolutionProperties) = preSolution
		HideSolutionNode = FALSE
	EndGlobalSection
	GlobalSection(ExtensibilityGlobals) = postSolution
		SolutionGuid = {7CE4AF36-9163-4049-BF99-C97371F60D09}
	EndGlobalSection
EndGlobal
